
Microsoft Visual Studio Solution File, Format Version 12.00
# Visual Studio Version 17
VisualStudioVersion = 17.3.32825.248
MinimumVisualStudioVersion = 10.0.40219.1
Project("{FAE04EC0-301F-11D3-BF4B-00C04F79EFBC}") = "Calculator1", "Calculator1\Calculator1.csproj", "{0A3FBD1C-24E1-4A0B-BF6D-18E4001ED085}"
EndProject
Global
	GlobalSection(SolutionConfigurationPlatforms) = preSolution
		Debug|Any CPU = Debug|Any CPU
		Release|Any CPU = Release|Any CPU
	EndGlobalSection
	GlobalSection(ProjectConfigurationPlatforms) = postSolution
		{0A3FBD1C-24E1-4A0B-BF6D-18E4001ED085}.Debug|Any CPU.ActiveCfg = Debug|Any CPU
		{0A3FBD1C-24E1-4A0B-BF6D-18E4001ED085}.Debug|Any CPU.Build.0 = Debug|Any CPU
		{0A3FBD1C-24E1-4A0B-BF6D-18E4001ED085}.Release|Any CPU.ActiveCfg = Release|Any CPU
		{0A3FBD1C-24E1-4A0B-BF6D-18E4001ED085}.Release|Any CPU.Build.0 = Release|Any CPU
	EndGlobalSection
	GlobalSection(SolutionProperties) = preSolution
		HideSolutionNode = FALSE
	EndGlobalSection
	GlobalSection(ExtensibilityGlobals) = postSolution
		SolutionGuid = {3F34CC41-F473-45A8-9721-5B2EDB6970DD}
	EndGlobalSection
EndGlobal
